// !$*UTF8*$!
{
	archiveVersion = 1;
	classes = {
	};
	objectVersion = 48;
	objects = {

/* Begin PBXBuildFile section */
		6C9F1E11205D9C69003CB243 /* ViewItinerario.swift in Sources */ = {isa = PBXBuildFile; fileRef = 6C9F1E10205D9C69003CB243 /* ViewItinerario.swift */; };
		6CB3E07320595E8F00221D0A /* LocationManager.swift in Sources */ = {isa = PBXBuildFile; fileRef = 6CB3E07220595E8F00221D0A /* LocationManager.swift */; };
		7E3AD88B205FDCF900153C0C /* AddPoint.swift in Sources */ = {isa = PBXBuildFile; fileRef = 7E3AD88A205FDCF800153C0C /* AddPoint.swift */; };
		BE0B0A76205922BF006976A2 /* AppDelegate.swift in Sources */ = {isa = PBXBuildFile; fileRef = BE0B0A75205922BF006976A2 /* AppDelegate.swift */; };
		BE0B0A7B205922BF006976A2 /* Main.storyboard in Resources */ = {isa = PBXBuildFile; fileRef = BE0B0A79205922BF006976A2 /* Main.storyboard */; };
		BE0B0A7D205922BF006976A2 /* Assets.xcassets in Resources */ = {isa = PBXBuildFile; fileRef = BE0B0A7C205922BF006976A2 /* Assets.xcassets */; };
		BE0B0A80205922BF006976A2 /* LaunchScreen.storyboard in Resources */ = {isa = PBXBuildFile; fileRef = BE0B0A7E205922BF006976A2 /* LaunchScreen.storyboard */; };
		BE28C37C205C02A7008F16E3 /* Homepage.swift in Sources */ = {isa = PBXBuildFile; fileRef = BE28C37B205C02A7008F16E3 /* Homepage.swift */; };
		BE39244D20595D26000E3B60 /* Model.swift in Sources */ = {isa = PBXBuildFile; fileRef = BE39244C20595D26000E3B60 /* Model.swift */; };
		BE608E03205A917A00311147 /* MapViewController.swift in Sources */ = {isa = PBXBuildFile; fileRef = BE608E02205A917A00311147 /* MapViewController.swift */; };
		BE608E05205A969C00311147 /* ViewController.swift in Sources */ = {isa = PBXBuildFile; fileRef = BE608E04205A969C00311147 /* ViewController.swift */; };
		BE608E07205A96B000311147 /* TableViewController.swift in Sources */ = {isa = PBXBuildFile; fileRef = BE608E06205A96B000311147 /* TableViewController.swift */; };
		BE608E09205A96BE00311147 /* TableViewCell.swift in Sources */ = {isa = PBXBuildFile; fileRef = BE608E08205A96BE00311147 /* TableViewCell.swift */; };
/* End PBXBuildFile section */

/* Begin PBXFileReference section */
		6C9F1E10205D9C69003CB243 /* ViewItinerario.swift */ = {isa = PBXFileReference; lastKnownFileType = sourcecode.swift; path = ViewItinerario.swift; sourceTree = "<group>"; };
		6CB3E07220595E8F00221D0A /* LocationManager.swift */ = {isa = PBXFileReference; lastKnownFileType = sourcecode.swift; path = LocationManager.swift; sourceTree = "<group>"; };
		7E3AD88A205FDCF800153C0C /* AddPoint.swift */ = {isa = PBXFileReference; lastKnownFileType = sourcecode.swift; path = AddPoint.swift; sourceTree = "<group>"; };
		BE0B0A72205922BF006976A2 /* Progetto Strade Accessibili.app */ = {isa = PBXFileReference; explicitFileType = wrapper.application; includeInIndex = 0; path = "Progetto Strade Accessibili.app"; sourceTree = BUILT_PRODUCTS_DIR; };
		BE0B0A75205922BF006976A2 /* AppDelegate.swift */ = {isa = PBXFileReference; lastKnownFileType = sourcecode.swift; path = AppDelegate.swift; sourceTree = "<group>"; };
		BE0B0A7A205922BF006976A2 /* Base */ = {isa = PBXFileReference; lastKnownFileType = file.storyboard; name = Base; path = Base.lproj/Main.storyboard; sourceTree = "<group>"; };
		BE0B0A7C205922BF006976A2 /* Assets.xcassets */ = {isa = PBXFileReference; lastKnownFileType = folder.assetcatalog; path = Assets.xcassets; sourceTree = "<group>"; };
		BE0B0A7F205922BF006976A2 /* Base */ = {isa = PBXFileReference; lastKnownFileType = file.storyboard; name = Base; path = Base.lproj/LaunchScreen.storyboard; sourceTree = "<group>"; };
		BE0B0A81205922BF006976A2 /* Info.plist */ = {isa = PBXFileReference; lastKnownFileType = text.plist.xml; path = Info.plist; sourceTree = "<group>"; };
		BE28C37B205C02A7008F16E3 /* Homepage.swift */ = {isa = PBXFileReference; lastKnownFileType = sourcecode.swift; path = Homepage.swift; sourceTree = "<group>"; };
		BE39244C20595D26000E3B60 /* Model.swift */ = {isa = PBXFileReference; lastKnownFileType = sourcecode.swift; path = Model.swift; sourceTree = "<group>"; };
		BE608E02205A917A00311147 /* MapViewController.swift */ = {isa = PBXFileReference; lastKnownFileType = sourcecode.swift; path = MapViewController.swift; sourceTree = "<group>"; };
		BE608E04205A969C00311147 /* ViewController.swift */ = {isa = PBXFileReference; lastKnownFileType = sourcecode.swift; path = ViewController.swift; sourceTree = "<group>"; };
		BE608E06205A96B000311147 /* TableViewController.swift */ = {isa = PBXFileReference; lastKnownFileType = sourcecode.swift; path = TableViewController.swift; sourceTree = "<group>"; };
		BE608E08205A96BE00311147 /* TableViewCell.swift */ = {isa = PBXFileReference; lastKnownFileType = sourcecode.swift; path = TableViewCell.swift; sourceTree = "<group>"; };
/* End PBXFileReference section */

/* Begin PBXFrameworksBuildPhase section */
		BE0B0A6F205922BF006976A2 /* Frameworks */ = {
			isa = PBXFrameworksBuildPhase;
			buildActionMask = 2147483647;
			files = (
			);
			runOnlyForDeploymentPostprocessing = 0;
		};
/* End PBXFrameworksBuildPhase section */

/* Begin PBXGroup section */
		BE0B0A69205922BF006976A2 = {
			isa = PBXGroup;
			children = (
				BE0B0A74205922BF006976A2 /* Progetto Strade Accessibili */,
			);
			sourceTree = "<group>";
		};
		BE0B0A73205922BF006976A2 /* Products */ = {
			isa = PBXGroup;
			children = (
				BE0B0A72205922BF006976A2 /* Progetto Strade Accessibili.app */,
			);
			name = Products;
			path = ..;
			sourceTree = "<group>";
		};
		BE0B0A74205922BF006976A2 /* Progetto Strade Accessibili */ = {
			isa = PBXGroup;
			children = (
				BE608E02205A917A00311147 /* MapViewController.swift */,
				BE0B0A75205922BF006976A2 /* AppDelegate.swift */,
				BE0B0A79205922BF006976A2 /* Main.storyboard */,
				7E3AD88A205FDCF800153C0C /* AddPoint.swift */,
				6C9F1E10205D9C69003CB243 /* ViewItinerario.swift */,
				BE28C37B205C02A7008F16E3 /* Homepage.swift */,
				BE608E04205A969C00311147 /* ViewController.swift */,
				BE608E06205A96B000311147 /* TableViewController.swift */,
				BE608E08205A96BE00311147 /* TableViewCell.swift */,
				6CB3E07220595E8F00221D0A /* LocationManager.swift */,
				BE0B0A7C205922BF006976A2 /* Assets.xcassets */,
				BE0B0A7E205922BF006976A2 /* LaunchScreen.storyboard */,
				BE0B0A81205922BF006976A2 /* Info.plist */,
				BE39244C20595D26000E3B60 /* Model.swift */,
				BE0B0A73205922BF006976A2 /* Products */,
			);
			path = "Progetto Strade Accessibili";
			sourceTree = "<group>";
		};
/* End PBXGroup section */

/* Begin PBXNativeTarget section */
		BE0B0A71205922BF006976A2 /* Progetto Strade Accessibili */ = {
			isa = PBXNativeTarget;
			buildConfigurationList = BE0B0A84205922BF006976A2 /* Build configuration list for PBXNativeTarget "Progetto Strade Accessibili" */;
			buildPhases = (
				BE0B0A6E205922BF006976A2 /* Sources */,
				BE0B0A6F205922BF006976A2 /* Frameworks */,
				BE0B0A70205922BF006976A2 /* Resources */,
			);
			buildRules = (
			);
			dependencies = (
			);
			name = "Progetto Strade Accessibili";
			productName = "Progetto Strade Accessibili";
			productReference = BE0B0A72205922BF006976A2 /* Progetto Strade Accessibili.app */;
			productType = "com.apple.product-type.application";
		};
/* End PBXNativeTarget section */

/* Begin PBXProject section */
		BE0B0A6A205922BF006976A2 /* Project object */ = {
			isa = PBXProject;
			attributes = {
				LastSwiftUpdateCheck = 0920;
				LastUpgradeCheck = 0920;
				ORGANIZATIONNAME = "Salvatore Musone";
				TargetAttributes = {
					BE0B0A71205922BF006976A2 = {
						CreatedOnToolsVersion = 9.2;
						ProvisioningStyle = Automatic;
					};
				};
			};
			buildConfigurationList = BE0B0A6D205922BF006976A2 /* Build configuration list for PBXProject "Progetto Strade Accessibili" */;
			compatibilityVersion = "Xcode 8.0";
			developmentRegion = en;
			hasScannedForEncodings = 0;
			knownRegions = (
				en,
				Base,
			);
			mainGroup = BE0B0A69205922BF006976A2;
			productRefGroup = BE0B0A73205922BF006976A2 /* Products */;
			projectDirPath = "";
			projectRoot = "";
			targets = (
				BE0B0A71205922BF006976A2 /* Progetto Strade Accessibili */,
			);
		};
/* End PBXProject section */

/* Begin PBXResourcesBuildPhase section */
		BE0B0A70205922BF006976A2 /* Resources */ = {
			isa = PBXResourcesBuildPhase;
			buildActionMask = 2147483647;
			files = (
				BE0B0A80205922BF006976A2 /* LaunchScreen.storyboard in Resources */,
				BE0B0A7D205922BF006976A2 /* Assets.xcassets in Resources */,
				BE0B0A7B205922BF006976A2 /* Main.storyboard in Resources */,
			);
			runOnlyForDeploymentPostprocessing = 0;
		};
/* End PBXResourcesBuildPhase section */

/* Begin PBXSourcesBuildPhase section */
		BE0B0A6E205922BF006976A2 /* Sources */ = {
			isa = PBXSourcesBuildPhase;
			buildActionMask = 2147483647;
			files = (
				BE608E05205A969C00311147 /* ViewController.swift in Sources */,
				BE608E07205A96B000311147 /* TableViewController.swift in Sources */,
				7E3AD88B205FDCF900153C0C /* AddPoint.swift in Sources */,
				BE39244D20595D26000E3B60 /* Model.swift in Sources */,
				6CB3E07320595E8F00221D0A /* LocationManager.swift in Sources */,
				BE0B0A76205922BF006976A2 /* AppDelegate.swift in Sources */,
				BE608E09205A96BE00311147 /* TableViewCell.swift in Sources */,
				6C9F1E11205D9C69003CB243 /* ViewItinerario.swift in Sources */,
				BE608E03205A917A00311147 /* MapViewController.swift in Sources */,
				BE28C37C205C02A7008F16E3 /* Homepage.swift in Sources */,
			);
			runOnlyForDeploymentPostprocessing = 0;
		};
/* End PBXSourcesBuildPhase section */

/* Begin PBXVariantGroup section */
		BE0B0A79205922BF006976A2 /* Main.storyboard */ = {
			isa = PBXVariantGroup;
			children = (
				BE0B0A7A205922BF006976A2 /* Base */,
			);
			name = Main.storyboard;
			sourceTree = "<group>";
		};
		BE0B0A7E205922BF006976A2 /* LaunchScreen.storyboard */ = {
			isa = PBXVariantGroup;
			children = (
				BE0B0A7F205922BF006976A2 /* Base */,
			);
			name = LaunchScreen.storyboard;
			sourceTree = "<group>";
		};
/* End PBXVariantGroup section */

/* Begin XCBuildConfiguration section */
		BE0B0A82205922BF006976A2 /* Debug */ = {
			isa = XCBuildConfiguration;
			buildSettings = {
				ALWAYS_SEARCH_USER_PATHS = NO;
				CLANG_ANALYZER_NONNULL = YES;
				CLANG_ANALYZER_NUMBER_OBJECT_CONVERSION = YES_AGGRESSIVE;
				CLANG_CXX_LANGUAGE_STANDARD = "gnu++14";
				CLANG_CXX_LIBRARY = "libc++";
				CLANG_ENABLE_MODULES = YES;
				CLANG_ENABLE_OBJC_ARC = YES;
				CLANG_WARN_BLOCK_CAPTURE_AUTORELEASING = YES;
				CLANG_WARN_BOOL_CONVERSION = YES;
				CLANG_WARN_COMMA = YES;
				CLANG_WARN_CONSTANT_CONVERSION = YES;
				CLANG_WARN_DIRECT_OBJC_ISA_USAGE = YES_ERROR;
				CLANG_WARN_DOCUMENTATION_COMMENTS = YES;
				CLANG_WARN_EMPTY_BODY = YES;
				CLANG_WARN_ENUM_CONVERSION = YES;
				CLANG_WARN_INFINITE_RECURSION = YES;
				CLANG_WARN_INT_CONVERSION = YES;
				CLANG_WARN_NON_LITERAL_NULL_CONVERSION = YES;
				CLANG_WARN_OBJC_LITERAL_CONVERSION = YES;
				CLANG_WARN_OBJC_ROOT_CLASS = YES_ERROR;
				CLANG_WARN_RANGE_LOOP_ANALYSIS = YES;
				CLANG_WARN_STRICT_PROTOTYPES = YES;
				CLANG_WARN_SUSPICIOUS_MOVE = YES;
				CLANG_WARN_UNGUARDED_AVAILABILITY = YES_AGGRESSIVE;
				CLANG_WARN_UNREACHABLE_CODE = YES;
				CLANG_WARN__DUPLICATE_METHOD_MATCH = YES;
				CODE_SIGN_IDENTITY = "iPhone Developer";
				COPY_PHASE_STRIP = NO;
				DEBUG_INFORMATION_FORMAT = dwarf;
				ENABLE_STRICT_OBJC_MSGSEND = YES;
				ENABLE_TESTABILITY = YES;
				GCC_C_LANGUAGE_STANDARD = gnu11;
				GCC_DYNAMIC_NO_PIC = NO;
				GCC_NO_COMMON_BLOCKS = YES;
				GCC_OPTIMIZATION_LEVEL = 0;
				GCC_PREPROCESSOR_DEFINITIONS = (
					"DEBUG=1",
					"$(inherited)",
				);
				GCC_WARN_64_TO_32_BIT_CONVERSION = YES;
				GCC_WARN_ABOUT_RETURN_TYPE = YES_ERROR;
				GCC_WARN_UNDECLARED_SELECTOR = YES;
				GCC_WARN_UNINITIALIZED_AUTOS = YES_AGGRESSIVE;
				GCC_WARN_UNUSED_FUNCTION = YES;
				GCC_WARN_UNUSED_VARIABLE = YES;
				IPHONEOS_DEPLOYMENT_TARGET = 11.2;
				MTL_ENABLE_DEBUG_INFO = YES;
				ONLY_ACTIVE_ARCH = YES;
				SDKROOT = iphoneos;
				SWIFT_ACTIVE_COMPILATION_CONDITIONS = DEBUG;
				SWIFT_OPTIMIZATION_LEVEL = "-Onone";
			};
			name = Debug;
		};
		BE0B0A83205922BF006976A2 /* Release */ = {
			isa = XCBuildConfiguration;
			buildSettings = {
				ALWAYS_SEARCH_USER_PATHS = NO;
				CLANG_ANALYZER_NONNULL = YES;
				CLANG_ANALYZER_NUMBER_OBJECT_CONVERSION = YES_AGGRESSIVE;
				CLANG_CXX_LANGUAGE_STANDARD = "gnu++14";
				CLANG_CXX_LIBRARY = "libc++";
				CLANG_ENABLE_MODULES = YES;
				CLANG_ENABLE_OBJC_ARC = YES;
				CLANG_WARN_BLOCK_CAPTURE_AUTORELEASING = YES;
				CLANG_WARN_BOOL_CONVERSION = YES;
				CLANG_WARN_COMMA = YES;
				CLANG_WARN_CONSTANT_CONVERSION = YES;
				CLANG_WARN_DIRECT_OBJC_ISA_USAGE = YES_ERROR;
				CLANG_WARN_DOCUMENTATION_COMMENTS = YES;
				CLANG_WARN_EMPTY_BODY = YES;
				CLANG_WARN_ENUM_CONVERSION = YES;
				CLANG_WARN_INFINITE_RECURSION = YES;
				CLANG_WARN_INT_CONVERSION = YES;
				CLANG_WARN_NON_LITERAL_NULL_CONVERSION = YES;
				CLANG_WARN_OBJC_LITERAL_CONVERSION = YES;
				CLANG_WARN_OBJC_ROOT_CLASS = YES_ERROR;
				CLANG_WARN_RANGE_LOOP_ANALYSIS = YES;
				CLANG_WARN_STRICT_PROTOTYPES = YES;
				CLANG_WARN_SUSPICIOUS_MOVE = YES;
				CLANG_WARN_UNGUARDED_AVAILABILITY = YES_AGGRESSIVE;
				CLANG_WARN_UNREACHABLE_CODE = YES;
				CLANG_WARN__DUPLICATE_METHOD_MATCH = YES;
				CODE_SIGN_IDENTITY = "iPhone Developer";
				COPY_PHASE_STRIP = NO;
				DEBUG_INFORMATION_FORMAT = "dwarf-with-dsym";
				ENABLE_NS_ASSERTIONS = NO;
				ENABLE_STRICT_OBJC_MSGSEND = YES;
				GCC_C_LANGUAGE_STANDARD = gnu11;
				GCC_NO_COMMON_BLOCKS = YES;
				GCC_WARN_64_TO_32_BIT_CONVERSION = YES;
				GCC_WARN_ABOUT_RETURN_TYPE = YES_ERROR;
				GCC_WARN_UNDECLARED_SELECTOR = YES;
				GCC_WARN_UNINITIALIZED_AUTOS = YES_AGGRESSIVE;
				GCC_WARN_UNUSED_FUNCTION = YES;
				GCC_WARN_UNUSED_VARIABLE = YES;
				IPHONEOS_DEPLOYMENT_TARGET = 11.2;
				MTL_ENABLE_DEBUG_INFO = NO;
				SDKROOT = iphoneos;
				SWIFT_OPTIMIZATION_LEVEL = "-Owholemodule";
				VALIDATE_PRODUCT = YES;
			};
			name = Release;
		};
		BE0B0A85205922BF006976A2 /* Debug */ = {
			isa = XCBuildConfiguration;
			buildSettings = {
				ASSETCATALOG_COMPILER_APPICON_NAME = AppIcon;
				CODE_SIGN_STYLE = Automatic;
				DEVELOPMENT_TEAM = ANQCCK3BGZ;
				INFOPLIST_FILE = "Progetto Strade Accessibili/Info.plist";
				LD_RUNPATH_SEARCH_PATHS = "$(inherited) @executable_path/Frameworks";
				PRODUCT_BUNDLE_IDENTIFIER = "com.Progetto-Strade-Accessibili210";
				PRODUCT_NAME = "$(TARGET_NAME)";
				SWIFT_VERSION = 4.0;
				TARGETED_DEVICE_FAMILY = "1,2";
			};
			name = Debug;
		};
		BE0B0A86205922BF006976A2 /* Release */ = {
			isa = XCBuildConfiguration;
			buildSettings = {
				ASSETCATALOG_COMPILER_APPICON_NAME = AppIcon;
				CODE_SIGN_STYLE = Automatic;
				DEVELOPMENT_TEAM = ANQCCK3BGZ;
				INFOPLIST_FILE = "Progetto Strade Accessibili/Info.plist";
				LD_RUNPATH_SEARCH_PATHS = "$(inherited) @executable_path/Frameworks";
				PRODUCT_BUNDLE_IDENTIFIER = "com.Progetto-Strade-Accessibili210";
				PRODUCT_NAME = "$(TARGET_NAME)";
				SWIFT_VERSION = 4.0;
				TARGETED_DEVICE_FAMILY = "1,2";
			};
			name = Release;
		};
/* End XCBuildConfiguration section */

/* Begin XCConfigurationList section */
		BE0B0A6D205922BF006976A2 /* Build configuration list for PBXProject "Progetto Strade Accessibili" */ = {
			isa = XCConfigurationList;
			buildConfigurations = (
				BE0B0A82205922BF006976A2 /* Debug */,
				BE0B0A83205922BF006976A2 /* Release */,
			);
			defaultConfigurationIsVisible = 0;
			defaultConfigurationName = Release;
		};
		BE0B0A84205922BF006976A2 /* Build configuration list for PBXNativeTarget "Progetto Strade Accessibili" */ = {
			isa = XCConfigurationList;
			buildConfigurations = (
				BE0B0A85205922BF006976A2 /* Debug */,
				BE0B0A86205922BF006976A2 /* Release */,
			);
			defaultConfigurationIsVisible = 0;
			defaultConfigurationName = Release;
		};
/* End XCConfigurationList section */
	};
	rootObject = BE0B0A6A205922BF006976A2 /* Project object */;
}
